
Microsoft Visual Studio Solution File, Format Version 12.00
# Visual Studio Version 17
VisualStudioVersion = 17.10.35122.118
MinimumVisualStudioVersion = 10.0.40219.1
Project("{2150E333-8FDC-42A3-9474-1A3956D46DE8}") = "Core", "Core", "{6A1FBA4C-A58F-4E9B-B6FF-2018872A90B0}"
EndProject
Project("{2150E333-8FDC-42A3-9474-1A3956D46DE8}") = "1.1 - Presentation", "1.1 - Presentation", "{CB38000F-8A2B-4ED0-98CC-CBEC19328238}"
EndProject
Project("{2150E333-8FDC-42A3-9474-1A3956D46DE8}") = "1.2 - Application", "1.2 - Application", "{7F68825C-3E11-4D32-8B49-A7DF3B75F1E1}"
EndProject
Project("{2150E333-8FDC-42A3-9474-1A3956D46DE8}") = "1.3 - Domain", "1.3 - Domain", "{F43C5D67-F20F-411E-8E6D-614EBC7086CF}"
EndProject
Project("{2150E333-8FDC-42A3-9474-1A3956D46DE8}") = "1.4 - Infrastructure", "1.4 - Infrastructure", "{3463CB26-99F8-4340-97C3-4366567BC11E}"
EndProject
Project("{2150E333-8FDC-42A3-9474-1A3956D46DE8}") = "1.4.1 - Data", "1.4.1 - Data", "{D7748841-5A97-446A-9834-90200B8D1C5E}"
EndProject
Project("{2150E333-8FDC-42A3-9474-1A3956D46DE8}") = "1.4.2 - CrossCutting", "1.4.2 - CrossCutting", "{3FB567B1-1E24-4522-9FE5-10F0C7F8E48B}"
EndProject
Project("{FAE04EC0-301F-11D3-BF4B-00C04F79EFBC}") = "StarWars.Infrastructure.CrossCutting.IoC", "StarWars.Infrastructure.CrossCutting.IoC\StarWars.Infrastructure.CrossCutting.IoC.csproj", "{A9792972-CC35-4A92-BF49-C5BB3C9E4B1A}"
EndProject
Project("{FAE04EC0-301F-11D3-BF4B-00C04F79EFBC}") = "StarWars.Domain", "StarWars.Domain\StarWars.Domain.csproj", "{83B05493-9601-48CC-ADA7-A225E18859D7}"
EndProject
Project("{FAE04EC0-301F-11D3-BF4B-00C04F79EFBC}") = "StarWars.Application", "StarWars.Application\StarWars.Application.csproj", "{B657AB17-8B07-4BE3-8DB6-D17F63AD03E5}"
EndProject
Project("{FAE04EC0-301F-11D3-BF4B-00C04F79EFBC}") = "StarWars.Infrastructure.CrossCutting", "StarWars.Infrastructure.CrossCutting\StarWars.Infrastructure.CrossCutting.csproj", "{10A2F47D-8389-429D-92F5-F6425A66EDFB}"
EndProject
Project("{FAE04EC0-301F-11D3-BF4B-00C04F79EFBC}") = "StartWars.Api", "StartWars.Api\StartWars.Api.csproj", "{158CEC9E-C0EE-408B-BFD7-A222BC0FB393}"
EndProject
Global
	GlobalSection(SolutionConfigurationPlatforms) = preSolution
		Debug|Any CPU = Debug|Any CPU
		Release|Any CPU = Release|Any CPU
	EndGlobalSection
	GlobalSection(ProjectConfigurationPlatforms) = postSolution
		{A9792972-CC35-4A92-BF49-C5BB3C9E4B1A}.Debug|Any CPU.ActiveCfg = Debug|Any CPU
		{A9792972-CC35-4A92-BF49-C5BB3C9E4B1A}.Debug|Any CPU.Build.0 = Debug|Any CPU
		{A9792972-CC35-4A92-BF49-C5BB3C9E4B1A}.Release|Any CPU.ActiveCfg = Release|Any CPU
		{A9792972-CC35-4A92-BF49-C5BB3C9E4B1A}.Release|Any CPU.Build.0 = Release|Any CPU
		{83B05493-9601-48CC-ADA7-A225E18859D7}.Debug|Any CPU.ActiveCfg = Debug|Any CPU
		{83B05493-9601-48CC-ADA7-A225E18859D7}.Debug|Any CPU.Build.0 = Debug|Any CPU
		{83B05493-9601-48CC-ADA7-A225E18859D7}.Release|Any CPU.ActiveCfg = Release|Any CPU
		{83B05493-9601-48CC-ADA7-A225E18859D7}.Release|Any CPU.Build.0 = Release|Any CPU
		{B657AB17-8B07-4BE3-8DB6-D17F63AD03E5}.Debug|Any CPU.ActiveCfg = Debug|Any CPU
		{B657AB17-8B07-4BE3-8DB6-D17F63AD03E5}.Debug|Any CPU.Build.0 = Debug|Any CPU
		{B657AB17-8B07-4BE3-8DB6-D17F63AD03E5}.Release|Any CPU.ActiveCfg = Release|Any CPU
		{B657AB17-8B07-4BE3-8DB6-D17F63AD03E5}.Release|Any CPU.Build.0 = Release|Any CPU
		{10A2F47D-8389-429D-92F5-F6425A66EDFB}.Debug|Any CPU.ActiveCfg = Debug|Any CPU
		{10A2F47D-8389-429D-92F5-F6425A66EDFB}.Debug|Any CPU.Build.0 = Debug|Any CPU
		{10A2F47D-8389-429D-92F5-F6425A66EDFB}.Release|Any CPU.ActiveCfg = Release|Any CPU
		{10A2F47D-8389-429D-92F5-F6425A66EDFB}.Release|Any CPU.Build.0 = Release|Any CPU
		{158CEC9E-C0EE-408B-BFD7-A222BC0FB393}.Debug|Any CPU.ActiveCfg = Debug|Any CPU
		{158CEC9E-C0EE-408B-BFD7-A222BC0FB393}.Debug|Any CPU.Build.0 = Debug|Any CPU
		{158CEC9E-C0EE-408B-BFD7-A222BC0FB393}.Release|Any CPU.ActiveCfg = Release|Any CPU
		{158CEC9E-C0EE-408B-BFD7-A222BC0FB393}.Release|Any CPU.Build.0 = Release|Any CPU
	EndGlobalSection
	GlobalSection(SolutionProperties) = preSolution
		HideSolutionNode = FALSE
	EndGlobalSection
	GlobalSection(NestedProjects) = preSolution
		{CB38000F-8A2B-4ED0-98CC-CBEC19328238} = {6A1FBA4C-A58F-4E9B-B6FF-2018872A90B0}
		{7F68825C-3E11-4D32-8B49-A7DF3B75F1E1} = {6A1FBA4C-A58F-4E9B-B6FF-2018872A90B0}
		{F43C5D67-F20F-411E-8E6D-614EBC7086CF} = {6A1FBA4C-A58F-4E9B-B6FF-2018872A90B0}
		{3463CB26-99F8-4340-97C3-4366567BC11E} = {6A1FBA4C-A58F-4E9B-B6FF-2018872A90B0}
		{D7748841-5A97-446A-9834-90200B8D1C5E} = {3463CB26-99F8-4340-97C3-4366567BC11E}
		{3FB567B1-1E24-4522-9FE5-10F0C7F8E48B} = {3463CB26-99F8-4340-97C3-4366567BC11E}
		{A9792972-CC35-4A92-BF49-C5BB3C9E4B1A} = {3FB567B1-1E24-4522-9FE5-10F0C7F8E48B}
		{83B05493-9601-48CC-ADA7-A225E18859D7} = {F43C5D67-F20F-411E-8E6D-614EBC7086CF}
		{B657AB17-8B07-4BE3-8DB6-D17F63AD03E5} = {7F68825C-3E11-4D32-8B49-A7DF3B75F1E1}
		{10A2F47D-8389-429D-92F5-F6425A66EDFB} = {3FB567B1-1E24-4522-9FE5-10F0C7F8E48B}
		{158CEC9E-C0EE-408B-BFD7-A222BC0FB393} = {CB38000F-8A2B-4ED0-98CC-CBEC19328238}
	EndGlobalSection
	GlobalSection(ExtensibilityGlobals) = postSolution
		SolutionGuid = {42F3D64C-7E32-4F3B-AAFA-A78E1143C839}
	EndGlobalSection
EndGlobal
